
Microsoft Visual Studio Solution File, Format Version 12.00
# Visual Studio Version 16
VisualStudioVersion = 16.0.31402.337
MinimumVisualStudioVersion = 10.0.40219.1
Project("{FAE04EC0-301F-11D3-BF4B-00C04F79EFBC}") = "PSI_System", "PSI_System.csproj", "{B62F3D4C-C389-49F1-9710-D04A0ED54BC6}"
EndProject
Global
	GlobalSection(SolutionConfigurationPlatforms) = preSolution
		Debug|Any CPU = Debug|Any CPU
		Release|Any CPU = Release|Any CPU
	EndGlobalSection
	GlobalSection(ProjectConfigurationPlatforms) = postSolution
		{B62F3D4C-C389-49F1-9710-D04A0ED54BC6}.Debug|Any CPU.ActiveCfg = Debug|Any CPU
		{B62F3D4C-C389-49F1-9710-D04A0ED54BC6}.Debug|Any CPU.Build.0 = Debug|Any CPU
		{B62F3D4C-C389-49F1-9710-D04A0ED54BC6}.Release|Any CPU.ActiveCfg = Release|Any CPU
		{B62F3D4C-C389-49F1-9710-D04A0ED54BC6}.Release|Any CPU.Build.0 = Release|Any CPU
	EndGlobalSection
	GlobalSection(SolutionProperties) = preSolution
		HideSolutionNode = FALSE
	EndGlobalSection
	GlobalSection(ExtensibilityGlobals) = postSolution
		SolutionGuid = {E4D8438A-B834-4A40-80C8-AE14A30246C3}
	EndGlobalSection
EndGlobal
